
Microsoft Visual Studio Solution File, Format Version 12.00
# Visual Studio Version 17
VisualStudioVersion = 17.9.34701.34
MinimumVisualStudioVersion = 10.0.40219.1
Project("{FAE04EC0-301F-11D3-BF4B-00C04F79EFBC}") = "AvaloniaApplication3", "AvaloniaApplication3\AvaloniaApplication3.csproj", "{71EF6B0B-7E24-4D09-8B18-28610CA32058}"
EndProject
Global
	GlobalSection(SolutionConfigurationPlatforms) = preSolution
		Debug|Any CPU = Debug|Any CPU
		Release|Any CPU = Release|Any CPU
	EndGlobalSection
	GlobalSection(ProjectConfigurationPlatforms) = postSolution
		{71EF6B0B-7E24-4D09-8B18-28610CA32058}.Debug|Any CPU.ActiveCfg = Debug|Any CPU
		{71EF6B0B-7E24-4D09-8B18-28610CA32058}.Debug|Any CPU.Build.0 = Debug|Any CPU
		{71EF6B0B-7E24-4D09-8B18-28610CA32058}.Release|Any CPU.ActiveCfg = Release|Any CPU
		{71EF6B0B-7E24-4D09-8B18-28610CA32058}.Release|Any CPU.Build.0 = Release|Any CPU
	EndGlobalSection
	GlobalSection(SolutionProperties) = preSolution
		HideSolutionNode = FALSE
	EndGlobalSection
	GlobalSection(ExtensibilityGlobals) = postSolution
		SolutionGuid = {A33FCE9E-A540-440D-8184-73C112069F87}
	EndGlobalSection
EndGlobal
